
Microsoft Visual Studio Solution File, Format Version 12.00
# Visual Studio Version 17
VisualStudioVersion = 17.4.33213.308
MinimumVisualStudioVersion = 10.0.40219.1
Project("{2150E333-8FDC-42A3-9474-1A3956D46DE8}") = "src", "src", "{888A002F-9BC1-4C81-8DAB-04749455EAC3}"
EndProject
Project("{9A19103F-16F7-4668-BE54-9A1E7A4F7556}") = "AuctionService", "src\AuctionService\AuctionService.csproj", "{E622E741-6956-4FD6-94A8-751FA137A1C7}"
EndProject
Project("{9A19103F-16F7-4668-BE54-9A1E7A4F7556}") = "SearchService", "src\SearchService\SearchService.csproj", "{013B895E-0CA2-4A00-9C16-21BDB2CDD380}"
EndProject
Project("{E53339B2-1760-4266-BCC7-CA923CBCF16C}") = "docker-compose", "docker-compose.dcproj", "{0E6DD9DA-72E2-442D-84B2-FECCFDBC3A54}"
EndProject
Project("{FAE04EC0-301F-11D3-BF4B-00C04F79EFBC}") = "Contracts", "..\src\Contracts\Contracts.csproj", "{1896ECB1-59ED-4C8E-9C97-EE8117226ED2}"
EndProject
Global
	GlobalSection(SolutionConfigurationPlatforms) = preSolution
		Debug|Any CPU = Debug|Any CPU
		Release|Any CPU = Release|Any CPU
	EndGlobalSection
	GlobalSection(ProjectConfigurationPlatforms) = postSolution
		{E622E741-6956-4FD6-94A8-751FA137A1C7}.Debug|Any CPU.ActiveCfg = Debug|Any CPU
		{E622E741-6956-4FD6-94A8-751FA137A1C7}.Debug|Any CPU.Build.0 = Debug|Any CPU
		{E622E741-6956-4FD6-94A8-751FA137A1C7}.Release|Any CPU.ActiveCfg = Release|Any CPU
		{E622E741-6956-4FD6-94A8-751FA137A1C7}.Release|Any CPU.Build.0 = Release|Any CPU
		{013B895E-0CA2-4A00-9C16-21BDB2CDD380}.Debug|Any CPU.ActiveCfg = Debug|Any CPU
		{013B895E-0CA2-4A00-9C16-21BDB2CDD380}.Debug|Any CPU.Build.0 = Debug|Any CPU
		{013B895E-0CA2-4A00-9C16-21BDB2CDD380}.Release|Any CPU.ActiveCfg = Release|Any CPU
		{013B895E-0CA2-4A00-9C16-21BDB2CDD380}.Release|Any CPU.Build.0 = Release|Any CPU
		{0E6DD9DA-72E2-442D-84B2-FECCFDBC3A54}.Debug|Any CPU.ActiveCfg = Debug|Any CPU
		{0E6DD9DA-72E2-442D-84B2-FECCFDBC3A54}.Debug|Any CPU.Build.0 = Debug|Any CPU
		{0E6DD9DA-72E2-442D-84B2-FECCFDBC3A54}.Release|Any CPU.ActiveCfg = Release|Any CPU
		{0E6DD9DA-72E2-442D-84B2-FECCFDBC3A54}.Release|Any CPU.Build.0 = Release|Any CPU
		{1896ECB1-59ED-4C8E-9C97-EE8117226ED2}.Debug|Any CPU.ActiveCfg = Debug|Any CPU
		{1896ECB1-59ED-4C8E-9C97-EE8117226ED2}.Debug|Any CPU.Build.0 = Debug|Any CPU
		{1896ECB1-59ED-4C8E-9C97-EE8117226ED2}.Release|Any CPU.ActiveCfg = Release|Any CPU
		{1896ECB1-59ED-4C8E-9C97-EE8117226ED2}.Release|Any CPU.Build.0 = Release|Any CPU
	EndGlobalSection
	GlobalSection(SolutionProperties) = preSolution
		HideSolutionNode = FALSE
	EndGlobalSection
	GlobalSection(NestedProjects) = preSolution
		{E622E741-6956-4FD6-94A8-751FA137A1C7} = {888A002F-9BC1-4C81-8DAB-04749455EAC3}
		{013B895E-0CA2-4A00-9C16-21BDB2CDD380} = {888A002F-9BC1-4C81-8DAB-04749455EAC3}
		{1896ECB1-59ED-4C8E-9C97-EE8117226ED2} = {888A002F-9BC1-4C81-8DAB-04749455EAC3}
	EndGlobalSection
	GlobalSection(ExtensibilityGlobals) = postSolution
		SolutionGuid = {403BDDA6-15A7-4B1C-A3A2-DD5C5C12A705}
	EndGlobalSection
EndGlobal
